
Microsoft Visual Studio Solution File, Format Version 12.00
# Visual Studio 2012
Project("{FAE04EC0-301F-11D3-BF4B-00C04F79EFBC}") = "BelatrixSoftTest", "BelatrixSoftTest.csproj", "{CC4006F6-E448-4981-9C6D-FBCFAAD9AEEC}"
EndProject
Project("{FAE04EC0-301F-11D3-BF4B-00C04F79EFBC}") = "UnitTestJobLogger", "..\UnitTestJobLogger\UnitTestJobLogger.csproj", "{A7F39780-D6C9-42D2-A4A3-6D8C460D20C5}"
EndProject
Global
	GlobalSection(SolutionConfigurationPlatforms) = preSolution
		Debug|Any CPU = Debug|Any CPU
		Release|Any CPU = Release|Any CPU
	EndGlobalSection
	GlobalSection(ProjectConfigurationPlatforms) = postSolution
		{CC4006F6-E448-4981-9C6D-FBCFAAD9AEEC}.Debug|Any CPU.ActiveCfg = Debug|Any CPU
		{CC4006F6-E448-4981-9C6D-FBCFAAD9AEEC}.Debug|Any CPU.Build.0 = Debug|Any CPU
		{CC4006F6-E448-4981-9C6D-FBCFAAD9AEEC}.Release|Any CPU.ActiveCfg = Release|Any CPU
		{CC4006F6-E448-4981-9C6D-FBCFAAD9AEEC}.Release|Any CPU.Build.0 = Release|Any CPU
		{A7F39780-D6C9-42D2-A4A3-6D8C460D20C5}.Debug|Any CPU.ActiveCfg = Debug|Any CPU
		{A7F39780-D6C9-42D2-A4A3-6D8C460D20C5}.Debug|Any CPU.Build.0 = Debug|Any CPU
		{A7F39780-D6C9-42D2-A4A3-6D8C460D20C5}.Release|Any CPU.ActiveCfg = Release|Any CPU
		{A7F39780-D6C9-42D2-A4A3-6D8C460D20C5}.Release|Any CPU.Build.0 = Release|Any CPU
	EndGlobalSection
	GlobalSection(SolutionProperties) = preSolution
		HideSolutionNode = FALSE
	EndGlobalSection
EndGlobal
